
Microsoft Visual Studio Solution File, Format Version 12.00
# Visual Studio Version 16
VisualStudioVersion = 16.0.30204.135
MinimumVisualStudioVersion = 10.0.40219.1
Project("{FAE04EC0-301F-11D3-BF4B-00C04F79EFBC}") = "gt", "gt\gt.csproj", "{58367F37-4D0E-4A0F-82DA-4502CDBD35E1}"
EndProject
Global
	GlobalSection(SolutionConfigurationPlatforms) = preSolution
		Debug|Any CPU = Debug|Any CPU
		Release|Any CPU = Release|Any CPU
	EndGlobalSection
	GlobalSection(ProjectConfigurationPlatforms) = postSolution
		{58367F37-4D0E-4A0F-82DA-4502CDBD35E1}.Debug|Any CPU.ActiveCfg = Debug|Any CPU
		{58367F37-4D0E-4A0F-82DA-4502CDBD35E1}.Debug|Any CPU.Build.0 = Debug|Any CPU
		{58367F37-4D0E-4A0F-82DA-4502CDBD35E1}.Release|Any CPU.ActiveCfg = Release|Any CPU
		{58367F37-4D0E-4A0F-82DA-4502CDBD35E1}.Release|Any CPU.Build.0 = Release|Any CPU
	EndGlobalSection
	GlobalSection(SolutionProperties) = preSolution
		HideSolutionNode = FALSE
	EndGlobalSection
	GlobalSection(ExtensibilityGlobals) = postSolution
		SolutionGuid = {6B63917F-2CDE-4368-A80A-C7A5FBB0BB7B}
	EndGlobalSection
EndGlobal
